
Microsoft Visual Studio Solution File, Format Version 12.00
# Visual Studio Version 17
VisualStudioVersion = 17.4.33213.308
MinimumVisualStudioVersion = 10.0.40219.1
Project("{9A19103F-16F7-4668-BE54-9A1E7A4F7556}") = "Brodilka", "Бродилка на зачёт\Brodilka.csproj", "{AAD671BE-4841-4AF7-90EB-80162B3F803B}"
EndProject
Project("{9A19103F-16F7-4668-BE54-9A1E7A4F7556}") = "BrolilkaShould", "BrolilkaShould\BrolilkaShould.csproj", "{847C2F92-7DA6-4266-A985-D1C6BD8E722A}"
EndProject
Project("{FAE04EC0-301F-11D3-BF4B-00C04F79EFBC}") = "BrodilkaManualTesting", "BrodilkaManualTesting\BrodilkaManualTesting.csproj", "{A3B51943-0904-46D2-956D-38B768B76DD8}"
EndProject
Global
	GlobalSection(SolutionConfigurationPlatforms) = preSolution
		Debug|Any CPU = Debug|Any CPU
		Release|Any CPU = Release|Any CPU
	EndGlobalSection
	GlobalSection(ProjectConfigurationPlatforms) = postSolution
		{AAD671BE-4841-4AF7-90EB-80162B3F803B}.Debug|Any CPU.ActiveCfg = Debug|Any CPU
		{AAD671BE-4841-4AF7-90EB-80162B3F803B}.Debug|Any CPU.Build.0 = Debug|Any CPU
		{AAD671BE-4841-4AF7-90EB-80162B3F803B}.Release|Any CPU.ActiveCfg = Release|Any CPU
		{AAD671BE-4841-4AF7-90EB-80162B3F803B}.Release|Any CPU.Build.0 = Release|Any CPU
		{847C2F92-7DA6-4266-A985-D1C6BD8E722A}.Debug|Any CPU.ActiveCfg = Debug|Any CPU
		{847C2F92-7DA6-4266-A985-D1C6BD8E722A}.Debug|Any CPU.Build.0 = Debug|Any CPU
		{847C2F92-7DA6-4266-A985-D1C6BD8E722A}.Release|Any CPU.ActiveCfg = Release|Any CPU
		{847C2F92-7DA6-4266-A985-D1C6BD8E722A}.Release|Any CPU.Build.0 = Release|Any CPU
		{A3B51943-0904-46D2-956D-38B768B76DD8}.Debug|Any CPU.ActiveCfg = Debug|Any CPU
		{A3B51943-0904-46D2-956D-38B768B76DD8}.Debug|Any CPU.Build.0 = Debug|Any CPU
		{A3B51943-0904-46D2-956D-38B768B76DD8}.Release|Any CPU.ActiveCfg = Release|Any CPU
		{A3B51943-0904-46D2-956D-38B768B76DD8}.Release|Any CPU.Build.0 = Release|Any CPU
	EndGlobalSection
	GlobalSection(SolutionProperties) = preSolution
		HideSolutionNode = FALSE
	EndGlobalSection
	GlobalSection(ExtensibilityGlobals) = postSolution
		SolutionGuid = {E5C8287F-5300-412F-8148-D52772595AE8}
	EndGlobalSection
EndGlobal
